
Microsoft Visual Studio Solution File, Format Version 12.00
Project("{FAE04EC0-301F-11D3-BF4B-00C04F79EFBC}") = "Day01", "Day01\Day01.csproj", "{AA3F959F-F1FE-4D14-9DA3-2AF3B2C83119}"
EndProject
Project("{FAE04EC0-301F-11D3-BF4B-00C04F79EFBC}") = "Day02", "Day02\Day02.csproj", "{569EDAA8-5277-47C7-95E3-099D9E35684A}"
EndProject
Project("{FAE04EC0-301F-11D3-BF4B-00C04F79EFBC}") = "Day03", "Day03\Day03.csproj", "{4CCE5794-B043-40B1-BB85-21369110F5EC}"
EndProject
Project("{FAE04EC0-301F-11D3-BF4B-00C04F79EFBC}") = "Day04", "Day04\Day04.csproj", "{64E57954-702A-4794-9398-4C513E347ACC}"
EndProject
Project("{FAE04EC0-301F-11D3-BF4B-00C04F79EFBC}") = "Day05", "Day05\Day05.csproj", "{C16C6474-5FAC-458E-8130-12D4D7EB9087}"
EndProject
Project("{FAE04EC0-301F-11D3-BF4B-00C04F79EFBC}") = "Day06", "Day06\Day06.csproj", "{63E6DCBF-3BB6-423E-8C3F-34A49A9157C1}"
EndProject
Project("{FAE04EC0-301F-11D3-BF4B-00C04F79EFBC}") = "Day07", "Day07\Day07.csproj", "{6E47F9ED-6E21-43B6-A7BC-308279125052}"
EndProject
Project("{FAE04EC0-301F-11D3-BF4B-00C04F79EFBC}") = "Day08", "Day08\Day08.csproj", "{A3120C79-BEDD-49AE-8708-294069947B60}"
EndProject
Project("{FAE04EC0-301F-11D3-BF4B-00C04F79EFBC}") = "Day09", "Day09\Day09.csproj", "{717DF4ED-F2F3-4BA9-89D5-9C4378A26A3B}"
EndProject
Project("{FAE04EC0-301F-11D3-BF4B-00C04F79EFBC}") = "Day10", "Day10\Day10.csproj", "{7DDA3733-82CF-4DB1-984C-E5E2461A5135}"
EndProject
Project("{FAE04EC0-301F-11D3-BF4B-00C04F79EFBC}") = "Day11", "Day11\Day11.csproj", "{98B5F4A7-6786-41D5-A56F-954A7A692451}"
EndProject
Project("{FAE04EC0-301F-11D3-BF4B-00C04F79EFBC}") = "Day12", "Day12\Day12.csproj", "{6B4B63FC-7C98-4E93-9782-0372715CCDBE}"
EndProject
Project("{FAE04EC0-301F-11D3-BF4B-00C04F79EFBC}") = "Day13", "Day13\Day13.csproj", "{2246E3D7-DBE3-4067-A0BA-348C91A3B9FA}"
EndProject
Project("{FAE04EC0-301F-11D3-BF4B-00C04F79EFBC}") = "Day14", "Day14\Day14.csproj", "{EB088DA9-838B-4358-B8C1-AD91A360B14B}"
EndProject
Project("{FAE04EC0-301F-11D3-BF4B-00C04F79EFBC}") = "Day15", "Day15\Day15.csproj", "{CC43C447-41D6-47AF-B8DF-9BDFCE770A97}"
EndProject
Project("{FAE04EC0-301F-11D3-BF4B-00C04F79EFBC}") = "Day16", "Day16\Day16.csproj", "{8257FC77-4796-4C1B-9151-32125405EBEA}"
EndProject
Project("{FAE04EC0-301F-11D3-BF4B-00C04F79EFBC}") = "Day17", "Day17\Day17.csproj", "{36003474-0850-4FA7-93AD-5AE44B7DB5CF}"
EndProject
Project("{FAE04EC0-301F-11D3-BF4B-00C04F79EFBC}") = "Day18", "Day18\Day18.csproj", "{734A2E6A-2DE2-4D50-934F-243D44A164B1}"
EndProject
Project("{FAE04EC0-301F-11D3-BF4B-00C04F79EFBC}") = "Day19", "Day19\Day19.csproj", "{AE8476EC-2909-42A6-908C-B85E09206198}"
EndProject
Project("{FAE04EC0-301F-11D3-BF4B-00C04F79EFBC}") = "Day20", "Day20\Day20.csproj", "{AD81075B-10CC-4AC9-BBB2-CF4C66C2F446}"
EndProject
Global
	GlobalSection(SolutionConfigurationPlatforms) = preSolution
		Debug|Any CPU = Debug|Any CPU
		Release|Any CPU = Release|Any CPU
	EndGlobalSection
	GlobalSection(ProjectConfigurationPlatforms) = postSolution
		{AA3F959F-F1FE-4D14-9DA3-2AF3B2C83119}.Debug|Any CPU.ActiveCfg = Debug|Any CPU
		{AA3F959F-F1FE-4D14-9DA3-2AF3B2C83119}.Debug|Any CPU.Build.0 = Debug|Any CPU
		{AA3F959F-F1FE-4D14-9DA3-2AF3B2C83119}.Release|Any CPU.ActiveCfg = Release|Any CPU
		{AA3F959F-F1FE-4D14-9DA3-2AF3B2C83119}.Release|Any CPU.Build.0 = Release|Any CPU
		{569EDAA8-5277-47C7-95E3-099D9E35684A}.Debug|Any CPU.ActiveCfg = Debug|Any CPU
		{569EDAA8-5277-47C7-95E3-099D9E35684A}.Debug|Any CPU.Build.0 = Debug|Any CPU
		{569EDAA8-5277-47C7-95E3-099D9E35684A}.Release|Any CPU.ActiveCfg = Release|Any CPU
		{569EDAA8-5277-47C7-95E3-099D9E35684A}.Release|Any CPU.Build.0 = Release|Any CPU
		{4CCE5794-B043-40B1-BB85-21369110F5EC}.Debug|Any CPU.ActiveCfg = Debug|Any CPU
		{4CCE5794-B043-40B1-BB85-21369110F5EC}.Debug|Any CPU.Build.0 = Debug|Any CPU
		{4CCE5794-B043-40B1-BB85-21369110F5EC}.Release|Any CPU.ActiveCfg = Release|Any CPU
		{4CCE5794-B043-40B1-BB85-21369110F5EC}.Release|Any CPU.Build.0 = Release|Any CPU
		{64E57954-702A-4794-9398-4C513E347ACC}.Debug|Any CPU.ActiveCfg = Debug|Any CPU
		{64E57954-702A-4794-9398-4C513E347ACC}.Debug|Any CPU.Build.0 = Debug|Any CPU
		{64E57954-702A-4794-9398-4C513E347ACC}.Release|Any CPU.ActiveCfg = Release|Any CPU
		{64E57954-702A-4794-9398-4C513E347ACC}.Release|Any CPU.Build.0 = Release|Any CPU
		{C16C6474-5FAC-458E-8130-12D4D7EB9087}.Debug|Any CPU.ActiveCfg = Debug|Any CPU
		{C16C6474-5FAC-458E-8130-12D4D7EB9087}.Debug|Any CPU.Build.0 = Debug|Any CPU
		{C16C6474-5FAC-458E-8130-12D4D7EB9087}.Release|Any CPU.ActiveCfg = Release|Any CPU
		{C16C6474-5FAC-458E-8130-12D4D7EB9087}.Release|Any CPU.Build.0 = Release|Any CPU
		{63E6DCBF-3BB6-423E-8C3F-34A49A9157C1}.Debug|Any CPU.ActiveCfg = Debug|Any CPU
		{63E6DCBF-3BB6-423E-8C3F-34A49A9157C1}.Debug|Any CPU.Build.0 = Debug|Any CPU
		{63E6DCBF-3BB6-423E-8C3F-34A49A9157C1}.Release|Any CPU.ActiveCfg = Release|Any CPU
		{63E6DCBF-3BB6-423E-8C3F-34A49A9157C1}.Release|Any CPU.Build.0 = Release|Any CPU
		{6E47F9ED-6E21-43B6-A7BC-308279125052}.Debug|Any CPU.ActiveCfg = Debug|Any CPU
		{6E47F9ED-6E21-43B6-A7BC-308279125052}.Debug|Any CPU.Build.0 = Debug|Any CPU
		{6E47F9ED-6E21-43B6-A7BC-308279125052}.Release|Any CPU.ActiveCfg = Release|Any CPU
		{6E47F9ED-6E21-43B6-A7BC-308279125052}.Release|Any CPU.Build.0 = Release|Any CPU
		{A3120C79-BEDD-49AE-8708-294069947B60}.Debug|Any CPU.ActiveCfg = Debug|Any CPU
		{A3120C79-BEDD-49AE-8708-294069947B60}.Debug|Any CPU.Build.0 = Debug|Any CPU
		{A3120C79-BEDD-49AE-8708-294069947B60}.Release|Any CPU.ActiveCfg = Release|Any CPU
		{A3120C79-BEDD-49AE-8708-294069947B60}.Release|Any CPU.Build.0 = Release|Any CPU
		{717DF4ED-F2F3-4BA9-89D5-9C4378A26A3B}.Debug|Any CPU.ActiveCfg = Debug|Any CPU
		{717DF4ED-F2F3-4BA9-89D5-9C4378A26A3B}.Debug|Any CPU.Build.0 = Debug|Any CPU
		{717DF4ED-F2F3-4BA9-89D5-9C4378A26A3B}.Release|Any CPU.ActiveCfg = Release|Any CPU
		{717DF4ED-F2F3-4BA9-89D5-9C4378A26A3B}.Release|Any CPU.Build.0 = Release|Any CPU
		{7DDA3733-82CF-4DB1-984C-E5E2461A5135}.Debug|Any CPU.ActiveCfg = Debug|Any CPU
		{7DDA3733-82CF-4DB1-984C-E5E2461A5135}.Debug|Any CPU.Build.0 = Debug|Any CPU
		{7DDA3733-82CF-4DB1-984C-E5E2461A5135}.Release|Any CPU.ActiveCfg = Release|Any CPU
		{7DDA3733-82CF-4DB1-984C-E5E2461A5135}.Release|Any CPU.Build.0 = Release|Any CPU
		{98B5F4A7-6786-41D5-A56F-954A7A692451}.Debug|Any CPU.ActiveCfg = Debug|Any CPU
		{98B5F4A7-6786-41D5-A56F-954A7A692451}.Debug|Any CPU.Build.0 = Debug|Any CPU
		{98B5F4A7-6786-41D5-A56F-954A7A692451}.Release|Any CPU.ActiveCfg = Release|Any CPU
		{98B5F4A7-6786-41D5-A56F-954A7A692451}.Release|Any CPU.Build.0 = Release|Any CPU
		{6B4B63FC-7C98-4E93-9782-0372715CCDBE}.Debug|Any CPU.ActiveCfg = Debug|Any CPU
		{6B4B63FC-7C98-4E93-9782-0372715CCDBE}.Debug|Any CPU.Build.0 = Debug|Any CPU
		{6B4B63FC-7C98-4E93-9782-0372715CCDBE}.Release|Any CPU.ActiveCfg = Release|Any CPU
		{6B4B63FC-7C98-4E93-9782-0372715CCDBE}.Release|Any CPU.Build.0 = Release|Any CPU
		{2246E3D7-DBE3-4067-A0BA-348C91A3B9FA}.Debug|Any CPU.ActiveCfg = Debug|Any CPU
		{2246E3D7-DBE3-4067-A0BA-348C91A3B9FA}.Debug|Any CPU.Build.0 = Debug|Any CPU
		{2246E3D7-DBE3-4067-A0BA-348C91A3B9FA}.Release|Any CPU.ActiveCfg = Release|Any CPU
		{2246E3D7-DBE3-4067-A0BA-348C91A3B9FA}.Release|Any CPU.Build.0 = Release|Any CPU
		{EB088DA9-838B-4358-B8C1-AD91A360B14B}.Debug|Any CPU.ActiveCfg = Debug|Any CPU
		{EB088DA9-838B-4358-B8C1-AD91A360B14B}.Debug|Any CPU.Build.0 = Debug|Any CPU
		{EB088DA9-838B-4358-B8C1-AD91A360B14B}.Release|Any CPU.ActiveCfg = Release|Any CPU
		{EB088DA9-838B-4358-B8C1-AD91A360B14B}.Release|Any CPU.Build.0 = Release|Any CPU
		{CC43C447-41D6-47AF-B8DF-9BDFCE770A97}.Debug|Any CPU.ActiveCfg = Debug|Any CPU
		{CC43C447-41D6-47AF-B8DF-9BDFCE770A97}.Debug|Any CPU.Build.0 = Debug|Any CPU
		{CC43C447-41D6-47AF-B8DF-9BDFCE770A97}.Release|Any CPU.ActiveCfg = Release|Any CPU
		{CC43C447-41D6-47AF-B8DF-9BDFCE770A97}.Release|Any CPU.Build.0 = Release|Any CPU
		{8257FC77-4796-4C1B-9151-32125405EBEA}.Debug|Any CPU.ActiveCfg = Debug|Any CPU
		{8257FC77-4796-4C1B-9151-32125405EBEA}.Debug|Any CPU.Build.0 = Debug|Any CPU
		{8257FC77-4796-4C1B-9151-32125405EBEA}.Release|Any CPU.ActiveCfg = Release|Any CPU
		{8257FC77-4796-4C1B-9151-32125405EBEA}.Release|Any CPU.Build.0 = Release|Any CPU
		{36003474-0850-4FA7-93AD-5AE44B7DB5CF}.Debug|Any CPU.ActiveCfg = Debug|Any CPU
		{36003474-0850-4FA7-93AD-5AE44B7DB5CF}.Debug|Any CPU.Build.0 = Debug|Any CPU
		{36003474-0850-4FA7-93AD-5AE44B7DB5CF}.Release|Any CPU.ActiveCfg = Release|Any CPU
		{36003474-0850-4FA7-93AD-5AE44B7DB5CF}.Release|Any CPU.Build.0 = Release|Any CPU
		{734A2E6A-2DE2-4D50-934F-243D44A164B1}.Debug|Any CPU.ActiveCfg = Debug|Any CPU
		{734A2E6A-2DE2-4D50-934F-243D44A164B1}.Debug|Any CPU.Build.0 = Debug|Any CPU
		{734A2E6A-2DE2-4D50-934F-243D44A164B1}.Release|Any CPU.ActiveCfg = Release|Any CPU
		{734A2E6A-2DE2-4D50-934F-243D44A164B1}.Release|Any CPU.Build.0 = Release|Any CPU
		{AE8476EC-2909-42A6-908C-B85E09206198}.Debug|Any CPU.ActiveCfg = Debug|Any CPU
		{AE8476EC-2909-42A6-908C-B85E09206198}.Debug|Any CPU.Build.0 = Debug|Any CPU
		{AE8476EC-2909-42A6-908C-B85E09206198}.Release|Any CPU.ActiveCfg = Release|Any CPU
		{AE8476EC-2909-42A6-908C-B85E09206198}.Release|Any CPU.Build.0 = Release|Any CPU
		{AD81075B-10CC-4AC9-BBB2-CF4C66C2F446}.Debug|Any CPU.ActiveCfg = Debug|Any CPU
		{AD81075B-10CC-4AC9-BBB2-CF4C66C2F446}.Debug|Any CPU.Build.0 = Debug|Any CPU
		{AD81075B-10CC-4AC9-BBB2-CF4C66C2F446}.Release|Any CPU.ActiveCfg = Release|Any CPU
		{AD81075B-10CC-4AC9-BBB2-CF4C66C2F446}.Release|Any CPU.Build.0 = Release|Any CPU
	EndGlobalSection
EndGlobal
